// !$*UTF8*$!
{
	archiveVersion = 1;
	classes = {
	};
	objectVersion = 56;
	objects = {

/* Begin PBXBuildFile section */
		570F9DAB2BEE9AC200346C63 /* AppDelegate.swift in Sources */ = {isa = PBXBuildFile; fileRef = 570F9DAA2BEE9AC200346C63 /* AppDelegate.swift */; };
		570F9DAD2BEE9AC200346C63 /* SceneDelegate.swift in Sources */ = {isa = PBXBuildFile; fileRef = 570F9DAC2BEE9AC200346C63 /* SceneDelegate.swift */; };
		570F9DAF2BEE9AC200346C63 /* MainViewController.swift in Sources */ = {isa = PBXBuildFile; fileRef = 570F9DAE2BEE9AC200346C63 /* MainViewController.swift */; };
		570F9DB42BEE9AC300346C63 /* Assets.xcassets in Resources */ = {isa = PBXBuildFile; fileRef = 570F9DB32BEE9AC300346C63 /* Assets.xcassets */; };
		570F9DB72BEE9AC300346C63 /* Base in Resources */ = {isa = PBXBuildFile; fileRef = 570F9DB62BEE9AC300346C63 /* Base */; };
		570F9DC52BEE9E9C00346C63 /* Router.swift in Sources */ = {isa = PBXBuildFile; fileRef = 570F9DC42BEE9E9C00346C63 /* Router.swift */; };
		570F9DC72BEE9EC300346C63 /* Factory.swift in Sources */ = {isa = PBXBuildFile; fileRef = 570F9DC62BEE9EC300346C63 /* Factory.swift */; };
		570F9DC92BEE9EE200346C63 /* ViewModelConfigurable.swift in Sources */ = {isa = PBXBuildFile; fileRef = 570F9DC82BEE9EE200346C63 /* ViewModelConfigurable.swift */; };
		570F9DCC2BEE9F2C00346C63 /* MainView.swift in Sources */ = {isa = PBXBuildFile; fileRef = 570F9DCB2BEE9F2C00346C63 /* MainView.swift */; };
		570F9DCE2BEE9F8900346C63 /* MainViewInteractor.swift in Sources */ = {isa = PBXBuildFile; fileRef = 570F9DCD2BEE9F8900346C63 /* MainViewInteractor.swift */; };
		570F9DD02BEE9FD500346C63 /* MainViewPresenter.swift in Sources */ = {isa = PBXBuildFile; fileRef = 570F9DCF2BEE9FD500346C63 /* MainViewPresenter.swift */; };
		570F9DD22BEEA56000346C63 /* MainViewFactory.swift in Sources */ = {isa = PBXBuildFile; fileRef = 570F9DD12BEEA56000346C63 /* MainViewFactory.swift */; };
		570F9DD52BEEA68900346C63 /* SnapKit in Frameworks */ = {isa = PBXBuildFile; productRef = 570F9DD42BEEA68900346C63 /* SnapKit */; };
		570F9DD92BEEA92100346C63 /* AppPallete.swift in Sources */ = {isa = PBXBuildFile; fileRef = 570F9DD82BEEA92100346C63 /* AppPallete.swift */; };
		570F9DDB2BEEA98E00346C63 /* Colors.xcassets in Resources */ = {isa = PBXBuildFile; fileRef = 570F9DDA2BEEA98E00346C63 /* Colors.xcassets */; };
		570F9DDE2BEEAABE00346C63 /* ViewWithText.swift in Sources */ = {isa = PBXBuildFile; fileRef = 570F9DDD2BEEAABE00346C63 /* ViewWithText.swift */; };
		570F9DE02BEEAAED00346C63 /* ViewWithTextViewModel.swift in Sources */ = {isa = PBXBuildFile; fileRef = 570F9DDF2BEEAAED00346C63 /* ViewWithTextViewModel.swift */; };
		570F9DE32BEEAB6400346C63 /* MainButton.swift in Sources */ = {isa = PBXBuildFile; fileRef = 570F9DE22BEEAB6400346C63 /* MainButton.swift */; };
		570F9DE52BEEAB8900346C63 /* MainButtonViewModel.swift in Sources */ = {isa = PBXBuildFile; fileRef = 570F9DE42BEEAB8900346C63 /* MainButtonViewModel.swift */; };
		570F9DE72BEEABAD00346C63 /* String+Extensions.swift in Sources */ = {isa = PBXBuildFile; fileRef = 570F9DE62BEEABAD00346C63 /* String+Extensions.swift */; };
		570F9DE92BEEC62D00346C63 /* AppFonts.swift in Sources */ = {isa = PBXBuildFile; fileRef = 570F9DE82BEEC62D00346C63 /* AppFonts.swift */; };
		570F9DEB2BEECA1800346C63 /* SizeCalculator.swift in Sources */ = {isa = PBXBuildFile; fileRef = 570F9DEA2BEECA1800346C63 /* SizeCalculator.swift */; };
		570F9DED2BEECB2200346C63 /* AppImages.swift in Sources */ = {isa = PBXBuildFile; fileRef = 570F9DEC2BEECB2200346C63 /* AppImages.swift */; };
		570F9DF12BEFB62100346C63 /* ImageButton.swift in Sources */ = {isa = PBXBuildFile; fileRef = 570F9DF02BEFB62100346C63 /* ImageButton.swift */; };
		570F9DF42BEFB70400346C63 /* CanvasViewController.swift in Sources */ = {isa = PBXBuildFile; fileRef = 570F9DF32BEFB70400346C63 /* CanvasViewController.swift */; };
		570F9DF62BEFB75100346C63 /* CanvasView.swift in Sources */ = {isa = PBXBuildFile; fileRef = 570F9DF52BEFB75100346C63 /* CanvasView.swift */; };
		570F9DF92BEFB82F00346C63 /* CanvasInteractor.swift in Sources */ = {isa = PBXBuildFile; fileRef = 570F9DF82BEFB82F00346C63 /* CanvasInteractor.swift */; };
		570F9DFB2BEFB89500346C63 /* CanvasPresenter.swift in Sources */ = {isa = PBXBuildFile; fileRef = 570F9DFA2BEFB89500346C63 /* CanvasPresenter.swift */; };
		570F9DFD2BEFB8FE00346C63 /* CanvasFactory.swift in Sources */ = {isa = PBXBuildFile; fileRef = 570F9DFC2BEFB8FE00346C63 /* CanvasFactory.swift */; };
		570F9DFF2BEFBB5500346C63 /* MainRoutes.swift in Sources */ = {isa = PBXBuildFile; fileRef = 570F9DFE2BEFBB5500346C63 /* MainRoutes.swift */; };
		570F9E012BEFBBDA00346C63 /* CanvasRoutes.swift in Sources */ = {isa = PBXBuildFile; fileRef = 570F9E002BEFBBDA00346C63 /* CanvasRoutes.swift */; };
		570F9E032BEFDDB100346C63 /* UIImage+Extension.swift in Sources */ = {isa = PBXBuildFile; fileRef = 570F9E022BEFDDB100346C63 /* UIImage+Extension.swift */; };
		570F9E062BEFEDFE00346C63 /* FiltersViewController.swift in Sources */ = {isa = PBXBuildFile; fileRef = 570F9E052BEFEDFE00346C63 /* FiltersViewController.swift */; };
		570F9E092BEFEE3E00346C63 /* FiltersView.swift in Sources */ = {isa = PBXBuildFile; fileRef = 570F9E082BEFEE3E00346C63 /* FiltersView.swift */; };
		570F9E0B2BEFEE9A00346C63 /* FiltersInteractor.swift in Sources */ = {isa = PBXBuildFile; fileRef = 570F9E0A2BEFEE9A00346C63 /* FiltersInteractor.swift */; };
		570F9E0D2BEFEF1A00346C63 /* FiltersPresenter.swift in Sources */ = {isa = PBXBuildFile; fileRef = 570F9E0C2BEFEF1A00346C63 /* FiltersPresenter.swift */; };
		570F9E0F2BEFF03D00346C63 /* FiltersFactory.swift in Sources */ = {isa = PBXBuildFile; fileRef = 570F9E0E2BEFF03D00346C63 /* FiltersFactory.swift */; };
		570F9E112BEFF07600346C63 /* FilterRoutes.swift in Sources */ = {isa = PBXBuildFile; fileRef = 570F9E102BEFF07600346C63 /* FilterRoutes.swift */; };
		570F9E132BF0056600346C63 /* FiltersCollectionViewCell.swift in Sources */ = {isa = PBXBuildFile; fileRef = 570F9E122BF0056600346C63 /* FiltersCollectionViewCell.swift */; };
		570F9E192BF0FB3E00346C63 /* TextViewController.swift in Sources */ = {isa = PBXBuildFile; fileRef = 570F9E182BF0FB3E00346C63 /* TextViewController.swift */; };
		570F9E1C2BF0FB8300346C63 /* TextView.swift in Sources */ = {isa = PBXBuildFile; fileRef = 570F9E1B2BF0FB8300346C63 /* TextView.swift */; };
		570F9E1E2BF0FC0B00346C63 /* TextInteractor.swift in Sources */ = {isa = PBXBuildFile; fileRef = 570F9E1D2BF0FC0B00346C63 /* TextInteractor.swift */; };
		570F9E202BF0FC4800346C63 /* TextPresenter.swift in Sources */ = {isa = PBXBuildFile; fileRef = 570F9E1F2BF0FC4800346C63 /* TextPresenter.swift */; };
		570F9E222BF0FEA200346C63 /* TextFactory.swift in Sources */ = {isa = PBXBuildFile; fileRef = 570F9E212BF0FEA200346C63 /* TextFactory.swift */; };
		570F9E242BF0FF5700346C63 /* TextRoutes.swift in Sources */ = {isa = PBXBuildFile; fileRef = 570F9E232BF0FF5700346C63 /* TextRoutes.swift */; };
		570F9E262BF1238C00346C63 /* UIViewController+Extensions.swift in Sources */ = {isa = PBXBuildFile; fileRef = 570F9E252BF1238C00346C63 /* UIViewController+Extensions.swift */; };
/* End PBXBuildFile section */

/* Begin PBXFileReference section */
		570F9DA72BEE9AC200346C63 /* PhotoEdditorApp.app */ = {isa = PBXFileReference; explicitFileType = wrapper.application; includeInIndex = 0; path = PhotoEdditorApp.app; sourceTree = BUILT_PRODUCTS_DIR; };
		570F9DAA2BEE9AC200346C63 /* AppDelegate.swift */ = {isa = PBXFileReference; lastKnownFileType = sourcecode.swift; path = AppDelegate.swift; sourceTree = "<group>"; };
		570F9DAC2BEE9AC200346C63 /* SceneDelegate.swift */ = {isa = PBXFileReference; lastKnownFileType = sourcecode.swift; path = SceneDelegate.swift; sourceTree = "<group>"; };
		570F9DAE2BEE9AC200346C63 /* MainViewController.swift */ = {isa = PBXFileReference; lastKnownFileType = sourcecode.swift; path = MainViewController.swift; sourceTree = "<group>"; };
		570F9DB32BEE9AC300346C63 /* Assets.xcassets */ = {isa = PBXFileReference; lastKnownFileType = folder.assetcatalog; path = Assets.xcassets; sourceTree = "<group>"; };
		570F9DB62BEE9AC300346C63 /* Base */ = {isa = PBXFileReference; lastKnownFileType = file.storyboard; name = Base; path = Base.lproj/LaunchScreen.storyboard; sourceTree = "<group>"; };
		570F9DB82BEE9AC300346C63 /* Info.plist */ = {isa = PBXFileReference; lastKnownFileType = text.plist.xml; path = Info.plist; sourceTree = "<group>"; };
		570F9DC42BEE9E9C00346C63 /* Router.swift */ = {isa = PBXFileReference; lastKnownFileType = sourcecode.swift; path = Router.swift; sourceTree = "<group>"; };
		570F9DC62BEE9EC300346C63 /* Factory.swift */ = {isa = PBXFileReference; lastKnownFileType = sourcecode.swift; path = Factory.swift; sourceTree = "<group>"; };
		570F9DC82BEE9EE200346C63 /* ViewModelConfigurable.swift */ = {isa = PBXFileReference; lastKnownFileType = sourcecode.swift; path = ViewModelConfigurable.swift; sourceTree = "<group>"; };
		570F9DCB2BEE9F2C00346C63 /* MainView.swift */ = {isa = PBXFileReference; lastKnownFileType = sourcecode.swift; path = MainView.swift; sourceTree = "<group>"; };
		570F9DCD2BEE9F8900346C63 /* MainViewInteractor.swift */ = {isa = PBXFileReference; lastKnownFileType = sourcecode.swift; path = MainViewInteractor.swift; sourceTree = "<group>"; };
		570F9DCF2BEE9FD500346C63 /* MainViewPresenter.swift */ = {isa = PBXFileReference; lastKnownFileType = sourcecode.swift; path = MainViewPresenter.swift; sourceTree = "<group>"; };
		570F9DD12BEEA56000346C63 /* MainViewFactory.swift */ = {isa = PBXFileReference; lastKnownFileType = sourcecode.swift; path = MainViewFactory.swift; sourceTree = "<group>"; };
		570F9DD82BEEA92100346C63 /* AppPallete.swift */ = {isa = PBXFileReference; lastKnownFileType = sourcecode.swift; path = AppPallete.swift; sourceTree = "<group>"; };
		570F9DDA2BEEA98E00346C63 /* Colors.xcassets */ = {isa = PBXFileReference; lastKnownFileType = folder.assetcatalog; path = Colors.xcassets; sourceTree = "<group>"; };
		570F9DDD2BEEAABE00346C63 /* ViewWithText.swift */ = {isa = PBXFileReference; lastKnownFileType = sourcecode.swift; path = ViewWithText.swift; sourceTree = "<group>"; };
		570F9DDF2BEEAAED00346C63 /* ViewWithTextViewModel.swift */ = {isa = PBXFileReference; lastKnownFileType = sourcecode.swift; path = ViewWithTextViewModel.swift; sourceTree = "<group>"; };
		570F9DE22BEEAB6400346C63 /* MainButton.swift */ = {isa = PBXFileReference; lastKnownFileType = sourcecode.swift; path = MainButton.swift; sourceTree = "<group>"; };
		570F9DE42BEEAB8900346C63 /* MainButtonViewModel.swift */ = {isa = PBXFileReference; lastKnownFileType = sourcecode.swift; path = MainButtonViewModel.swift; sourceTree = "<group>"; };
		570F9DE62BEEABAD00346C63 /* String+Extensions.swift */ = {isa = PBXFileReference; lastKnownFileType = sourcecode.swift; path = "String+Extensions.swift"; sourceTree = "<group>"; };
		570F9DE82BEEC62D00346C63 /* AppFonts.swift */ = {isa = PBXFileReference; lastKnownFileType = sourcecode.swift; path = AppFonts.swift; sourceTree = "<group>"; };
		570F9DEA2BEECA1800346C63 /* SizeCalculator.swift */ = {isa = PBXFileReference; lastKnownFileType = sourcecode.swift; path = SizeCalculator.swift; sourceTree = "<group>"; };
		570F9DEC2BEECB2200346C63 /* AppImages.swift */ = {isa = PBXFileReference; lastKnownFileType = sourcecode.swift; path = AppImages.swift; sourceTree = "<group>"; };
		570F9DF02BEFB62100346C63 /* ImageButton.swift */ = {isa = PBXFileReference; lastKnownFileType = sourcecode.swift; path = ImageButton.swift; sourceTree = "<group>"; };
		570F9DF32BEFB70400346C63 /* CanvasViewController.swift */ = {isa = PBXFileReference; lastKnownFileType = sourcecode.swift; path = CanvasViewController.swift; sourceTree = "<group>"; };
		570F9DF52BEFB75100346C63 /* CanvasView.swift */ = {isa = PBXFileReference; lastKnownFileType = sourcecode.swift; path = CanvasView.swift; sourceTree = "<group>"; };
		570F9DF82BEFB82F00346C63 /* CanvasInteractor.swift */ = {isa = PBXFileReference; lastKnownFileType = sourcecode.swift; path = CanvasInteractor.swift; sourceTree = "<group>"; };
		570F9DFA2BEFB89500346C63 /* CanvasPresenter.swift */ = {isa = PBXFileReference; lastKnownFileType = sourcecode.swift; path = CanvasPresenter.swift; sourceTree = "<group>"; };
		570F9DFC2BEFB8FE00346C63 /* CanvasFactory.swift */ = {isa = PBXFileReference; lastKnownFileType = sourcecode.swift; path = CanvasFactory.swift; sourceTree = "<group>"; };
		570F9DFE2BEFBB5500346C63 /* MainRoutes.swift */ = {isa = PBXFileReference; lastKnownFileType = sourcecode.swift; path = MainRoutes.swift; sourceTree = "<group>"; };
		570F9E002BEFBBDA00346C63 /* CanvasRoutes.swift */ = {isa = PBXFileReference; lastKnownFileType = sourcecode.swift; path = CanvasRoutes.swift; sourceTree = "<group>"; };
		570F9E022BEFDDB100346C63 /* UIImage+Extension.swift */ = {isa = PBXFileReference; lastKnownFileType = sourcecode.swift; path = "UIImage+Extension.swift"; sourceTree = "<group>"; };
		570F9E052BEFEDFE00346C63 /* FiltersViewController.swift */ = {isa = PBXFileReference; lastKnownFileType = sourcecode.swift; path = FiltersViewController.swift; sourceTree = "<group>"; };
		570F9E082BEFEE3E00346C63 /* FiltersView.swift */ = {isa = PBXFileReference; lastKnownFileType = sourcecode.swift; path = FiltersView.swift; sourceTree = "<group>"; };
		570F9E0A2BEFEE9A00346C63 /* FiltersInteractor.swift */ = {isa = PBXFileReference; lastKnownFileType = sourcecode.swift; path = FiltersInteractor.swift; sourceTree = "<group>"; };
		570F9E0C2BEFEF1A00346C63 /* FiltersPresenter.swift */ = {isa = PBXFileReference; lastKnownFileType = sourcecode.swift; path = FiltersPresenter.swift; sourceTree = "<group>"; };
		570F9E0E2BEFF03D00346C63 /* FiltersFactory.swift */ = {isa = PBXFileReference; lastKnownFileType = sourcecode.swift; path = FiltersFactory.swift; sourceTree = "<group>"; };
		570F9E102BEFF07600346C63 /* FilterRoutes.swift */ = {isa = PBXFileReference; lastKnownFileType = sourcecode.swift; path = FilterRoutes.swift; sourceTree = "<group>"; };
		570F9E122BF0056600346C63 /* FiltersCollectionViewCell.swift */ = {isa = PBXFileReference; lastKnownFileType = sourcecode.swift; path = FiltersCollectionViewCell.swift; sourceTree = "<group>"; };
		570F9E182BF0FB3E00346C63 /* TextViewController.swift */ = {isa = PBXFileReference; lastKnownFileType = sourcecode.swift; path = TextViewController.swift; sourceTree = "<group>"; };
		570F9E1B2BF0FB8300346C63 /* TextView.swift */ = {isa = PBXFileReference; lastKnownFileType = sourcecode.swift; path = TextView.swift; sourceTree = "<group>"; };
		570F9E1D2BF0FC0B00346C63 /* TextInteractor.swift */ = {isa = PBXFileReference; lastKnownFileType = sourcecode.swift; path = TextInteractor.swift; sourceTree = "<group>"; };
		570F9E1F2BF0FC4800346C63 /* TextPresenter.swift */ = {isa = PBXFileReference; lastKnownFileType = sourcecode.swift; path = TextPresenter.swift; sourceTree = "<group>"; };
		570F9E212BF0FEA200346C63 /* TextFactory.swift */ = {isa = PBXFileReference; lastKnownFileType = sourcecode.swift; path = TextFactory.swift; sourceTree = "<group>"; };
		570F9E232BF0FF5700346C63 /* TextRoutes.swift */ = {isa = PBXFileReference; lastKnownFileType = sourcecode.swift; path = TextRoutes.swift; sourceTree = "<group>"; };
		570F9E252BF1238C00346C63 /* UIViewController+Extensions.swift */ = {isa = PBXFileReference; lastKnownFileType = sourcecode.swift; path = "UIViewController+Extensions.swift"; sourceTree = "<group>"; };
/* End PBXFileReference section */

/* Begin PBXFrameworksBuildPhase section */
		570F9DA42BEE9AC200346C63 /* Frameworks */ = {
			isa = PBXFrameworksBuildPhase;
			buildActionMask = 2147483647;
			files = (
				570F9DD52BEEA68900346C63 /* SnapKit in Frameworks */,
			);
			runOnlyForDeploymentPostprocessing = 0;
		};
/* End PBXFrameworksBuildPhase section */

/* Begin PBXGroup section */
		570F9D9E2BEE9AC200346C63 = {
			isa = PBXGroup;
			children = (
				570F9DA92BEE9AC200346C63 /* PhotoEdditorApp */,
				570F9DA82BEE9AC200346C63 /* Products */,
			);
			sourceTree = "<group>";
		};
		570F9DA82BEE9AC200346C63 /* Products */ = {
			isa = PBXGroup;
			children = (
				570F9DA72BEE9AC200346C63 /* PhotoEdditorApp.app */,
			);
			name = Products;
			sourceTree = "<group>";
		};
		570F9DA92BEE9AC200346C63 /* PhotoEdditorApp */ = {
			isa = PBXGroup;
			children = (
				570F9DBE2BEE9C5C00346C63 /* Application */,
				570F9DBF2BEE9C6E00346C63 /* Scenes */,
				570F9DC02BEE9C7800346C63 /* Resources */,
				570F9DC22BEE9E0300346C63 /* Protocols and Elements */,
				570F9DC32BEE9E1000346C63 /* Extensions */,
			);
			path = PhotoEdditorApp;
			sourceTree = "<group>";
		};
		570F9DBE2BEE9C5C00346C63 /* Application */ = {
			isa = PBXGroup;
			children = (
				570F9DAC2BEE9AC200346C63 /* SceneDelegate.swift */,
				570F9DAA2BEE9AC200346C63 /* AppDelegate.swift */,
			);
			path = Application;
			sourceTree = "<group>";
		};
		570F9DBF2BEE9C6E00346C63 /* Scenes */ = {
			isa = PBXGroup;
			children = (
				570F9DC12BEE9DDE00346C63 /* mainScene */,
				570F9DF22BEFB6D100346C63 /* canvasScene */,
				570F9E042BEFEDDF00346C63 /* filtersScene */,
				570F9E172BF0FB2400346C63 /* textScene */,
				570F9DB52BEE9AC300346C63 /* LaunchScreen.storyboard */,
			);
			path = Scenes;
			sourceTree = "<group>";
		};
		570F9DC02BEE9C7800346C63 /* Resources */ = {
			isa = PBXGroup;
			children = (
				570F9DB82BEE9AC300346C63 /* Info.plist */,
				570F9DB32BEE9AC300346C63 /* Assets.xcassets */,
				570F9DD82BEEA92100346C63 /* AppPallete.swift */,
				570F9DDA2BEEA98E00346C63 /* Colors.xcassets */,
				570F9DE82BEEC62D00346C63 /* AppFonts.swift */,
				570F9DEA2BEECA1800346C63 /* SizeCalculator.swift */,
				570F9DEC2BEECB2200346C63 /* AppImages.swift */,
			);
			path = Resources;
			sourceTree = "<group>";
		};
		570F9DC12BEE9DDE00346C63 /* mainScene */ = {
			isa = PBXGroup;
			children = (
				570F9DAE2BEE9AC200346C63 /* MainViewController.swift */,
				570F9DCA2BEE9F1300346C63 /* views */,
				570F9DCD2BEE9F8900346C63 /* MainViewInteractor.swift */,
				570F9DCF2BEE9FD500346C63 /* MainViewPresenter.swift */,
				570F9DD12BEEA56000346C63 /* MainViewFactory.swift */,
				570F9DFE2BEFBB5500346C63 /* MainRoutes.swift */,
			);
			path = mainScene;
			sourceTree = "<group>";
		};
		570F9DC22BEE9E0300346C63 /* Protocols and Elements */ = {
			isa = PBXGroup;
			children = (
				570F9DE12BEEAB5500346C63 /* MainButton */,
				570F9DDC2BEEAAA900346C63 /* ViewWithText */,
				570F9DC42BEE9E9C00346C63 /* Router.swift */,
				570F9DC62BEE9EC300346C63 /* Factory.swift */,
				570F9DC82BEE9EE200346C63 /* ViewModelConfigurable.swift */,
				570F9DF02BEFB62100346C63 /* ImageButton.swift */,
				570F9E122BF0056600346C63 /* FiltersCollectionViewCell.swift */,
			);
			path = "Protocols and Elements";
			sourceTree = "<group>";
		};
		570F9DC32BEE9E1000346C63 /* Extensions */ = {
			isa = PBXGroup;
			children = (
				570F9DE62BEEABAD00346C63 /* String+Extensions.swift */,
				570F9E022BEFDDB100346C63 /* UIImage+Extension.swift */,
				570F9E252BF1238C00346C63 /* UIViewController+Extensions.swift */,
			);
			path = Extensions;
			sourceTree = "<group>";
		};
		570F9DCA2BEE9F1300346C63 /* views */ = {
			isa = PBXGroup;
			children = (
				570F9DCB2BEE9F2C00346C63 /* MainView.swift */,
			);
			path = views;
			sourceTree = "<group>";
		};
		570F9DDC2BEEAAA900346C63 /* ViewWithText */ = {
			isa = PBXGroup;
			children = (
				570F9DDD2BEEAABE00346C63 /* ViewWithText.swift */,
				570F9DDF2BEEAAED00346C63 /* ViewWithTextViewModel.swift */,
			);
			path = ViewWithText;
			sourceTree = "<group>";
		};
		570F9DE12BEEAB5500346C63 /* MainButton */ = {
			isa = PBXGroup;
			children = (
				570F9DE22BEEAB6400346C63 /* MainButton.swift */,
				570F9DE42BEEAB8900346C63 /* MainButtonViewModel.swift */,
			);
			path = MainButton;
			sourceTree = "<group>";
		};
		570F9DF22BEFB6D100346C63 /* canvasScene */ = {
			isa = PBXGroup;
			children = (
				570F9DF32BEFB70400346C63 /* CanvasViewController.swift */,
				570F9DF72BEFB75400346C63 /* views */,
				570F9DF82BEFB82F00346C63 /* CanvasInteractor.swift */,
				570F9DFA2BEFB89500346C63 /* CanvasPresenter.swift */,
				570F9DFC2BEFB8FE00346C63 /* CanvasFactory.swift */,
				570F9E002BEFBBDA00346C63 /* CanvasRoutes.swift */,
			);
			path = canvasScene;
			sourceTree = "<group>";
		};
		570F9DF72BEFB75400346C63 /* views */ = {
			isa = PBXGroup;
			children = (
				570F9DF52BEFB75100346C63 /* CanvasView.swift */,
			);
			path = views;
			sourceTree = "<group>";
		};
		570F9E042BEFEDDF00346C63 /* filtersScene */ = {
			isa = PBXGroup;
			children = (
				570F9E052BEFEDFE00346C63 /* FiltersViewController.swift */,
				570F9E072BEFEE2900346C63 /* views */,
				570F9E0A2BEFEE9A00346C63 /* FiltersInteractor.swift */,
				570F9E0C2BEFEF1A00346C63 /* FiltersPresenter.swift */,
				570F9E0E2BEFF03D00346C63 /* FiltersFactory.swift */,
				570F9E102BEFF07600346C63 /* FilterRoutes.swift */,
			);
			path = filtersScene;
			sourceTree = "<group>";
		};
		570F9E072BEFEE2900346C63 /* views */ = {
			isa = PBXGroup;
			children = (
				570F9E082BEFEE3E00346C63 /* FiltersView.swift */,
			);
			path = views;
			sourceTree = "<group>";
		};
		570F9E172BF0FB2400346C63 /* textScene */ = {
			isa = PBXGroup;
			children = (
				570F9E182BF0FB3E00346C63 /* TextViewController.swift */,
				570F9E1A2BF0FB7400346C63 /* views */,
				570F9E1D2BF0FC0B00346C63 /* TextInteractor.swift */,
				570F9E1F2BF0FC4800346C63 /* TextPresenter.swift */,
				570F9E212BF0FEA200346C63 /* TextFactory.swift */,
				570F9E232BF0FF5700346C63 /* TextRoutes.swift */,
			);
			path = textScene;
			sourceTree = "<group>";
		};
		570F9E1A2BF0FB7400346C63 /* views */ = {
			isa = PBXGroup;
			children = (
				570F9E1B2BF0FB8300346C63 /* TextView.swift */,
			);
			path = views;
			sourceTree = "<group>";
		};
/* End PBXGroup section */

/* Begin PBXNativeTarget section */
		570F9DA62BEE9AC200346C63 /* PhotoEdditorApp */ = {
			isa = PBXNativeTarget;
			buildConfigurationList = 570F9DBB2BEE9AC300346C63 /* Build configuration list for PBXNativeTarget "PhotoEdditorApp" */;
			buildPhases = (
				570F9DA32BEE9AC200346C63 /* Sources */,
				570F9DA42BEE9AC200346C63 /* Frameworks */,
				570F9DA52BEE9AC200346C63 /* Resources */,
			);
			buildRules = (
			);
			dependencies = (
			);
			name = PhotoEdditorApp;
			packageProductDependencies = (
				570F9DD42BEEA68900346C63 /* SnapKit */,
			);
			productName = PhotoEdditorApp;
			productReference = 570F9DA72BEE9AC200346C63 /* PhotoEdditorApp.app */;
			productType = "com.apple.product-type.application";
		};
/* End PBXNativeTarget section */

/* Begin PBXProject section */
		570F9D9F2BEE9AC200346C63 /* Project object */ = {
			isa = PBXProject;
			attributes = {
				BuildIndependentTargetsInParallel = 1;
				LastSwiftUpdateCheck = 1530;
				LastUpgradeCheck = 1530;
				TargetAttributes = {
					570F9DA62BEE9AC200346C63 = {
						CreatedOnToolsVersion = 15.3;
					};
				};
			};
			buildConfigurationList = 570F9DA22BEE9AC200346C63 /* Build configuration list for PBXProject "PhotoEdditorApp" */;
			compatibilityVersion = "Xcode 14.0";
			developmentRegion = en;
			hasScannedForEncodings = 0;
			knownRegions = (
				en,
				Base,
			);
			mainGroup = 570F9D9E2BEE9AC200346C63;
			packageReferences = (
				570F9DD32BEEA68900346C63 /* XCRemoteSwiftPackageReference "SnapKit" */,
			);
			productRefGroup = 570F9DA82BEE9AC200346C63 /* Products */;
			projectDirPath = "";
			projectRoot = "";
			targets = (
				570F9DA62BEE9AC200346C63 /* PhotoEdditorApp */,
			);
		};
/* End PBXProject section */

/* Begin PBXResourcesBuildPhase section */
		570F9DA52BEE9AC200346C63 /* Resources */ = {
			isa = PBXResourcesBuildPhase;
			buildActionMask = 2147483647;
			files = (
				570F9DDB2BEEA98E00346C63 /* Colors.xcassets in Resources */,
				570F9DB42BEE9AC300346C63 /* Assets.xcassets in Resources */,
				570F9DB72BEE9AC300346C63 /* Base in Resources */,
			);
			runOnlyForDeploymentPostprocessing = 0;
		};
/* End PBXResourcesBuildPhase section */

/* Begin PBXSourcesBuildPhase section */
		570F9DA32BEE9AC200346C63 /* Sources */ = {
			isa = PBXSourcesBuildPhase;
			buildActionMask = 2147483647;
			files = (
				570F9DF42BEFB70400346C63 /* CanvasViewController.swift in Sources */,
				570F9E242BF0FF5700346C63 /* TextRoutes.swift in Sources */,
				570F9DE02BEEAAED00346C63 /* ViewWithTextViewModel.swift in Sources */,
				570F9E0D2BEFEF1A00346C63 /* FiltersPresenter.swift in Sources */,
				570F9DC52BEE9E9C00346C63 /* Router.swift in Sources */,
				570F9DE32BEEAB6400346C63 /* MainButton.swift in Sources */,
				570F9E1C2BF0FB8300346C63 /* TextView.swift in Sources */,
				570F9E092BEFEE3E00346C63 /* FiltersView.swift in Sources */,
				570F9DFD2BEFB8FE00346C63 /* CanvasFactory.swift in Sources */,
				570F9E202BF0FC4800346C63 /* TextPresenter.swift in Sources */,
				570F9E262BF1238C00346C63 /* UIViewController+Extensions.swift in Sources */,
				570F9E062BEFEDFE00346C63 /* FiltersViewController.swift in Sources */,
				570F9E1E2BF0FC0B00346C63 /* TextInteractor.swift in Sources */,
				570F9E132BF0056600346C63 /* FiltersCollectionViewCell.swift in Sources */,
				570F9DFB2BEFB89500346C63 /* CanvasPresenter.swift in Sources */,
				570F9DF12BEFB62100346C63 /* ImageButton.swift in Sources */,
				570F9DF92BEFB82F00346C63 /* CanvasInteractor.swift in Sources */,
				570F9DCC2BEE9F2C00346C63 /* MainView.swift in Sources */,
				570F9DE72BEEABAD00346C63 /* String+Extensions.swift in Sources */,
				570F9DFF2BEFBB5500346C63 /* MainRoutes.swift in Sources */,
				570F9DAF2BEE9AC200346C63 /* MainViewController.swift in Sources */,
				570F9E0F2BEFF03D00346C63 /* FiltersFactory.swift in Sources */,
				570F9DAB2BEE9AC200346C63 /* AppDelegate.swift in Sources */,
				570F9DD92BEEA92100346C63 /* AppPallete.swift in Sources */,
				570F9DAD2BEE9AC200346C63 /* SceneDelegate.swift in Sources */,
				570F9E112BEFF07600346C63 /* FilterRoutes.swift in Sources */,
				570F9E032BEFDDB100346C63 /* UIImage+Extension.swift in Sources */,
				570F9DED2BEECB2200346C63 /* AppImages.swift in Sources */,
				570F9E192BF0FB3E00346C63 /* TextViewController.swift in Sources */,
				570F9DE92BEEC62D00346C63 /* AppFonts.swift in Sources */,
				570F9DC72BEE9EC300346C63 /* Factory.swift in Sources */,
				570F9E0B2BEFEE9A00346C63 /* FiltersInteractor.swift in Sources */,
				570F9DCE2BEE9F8900346C63 /* MainViewInteractor.swift in Sources */,
				570F9DF62BEFB75100346C63 /* CanvasView.swift in Sources */,
				570F9E012BEFBBDA00346C63 /* CanvasRoutes.swift in Sources */,
				570F9E222BF0FEA200346C63 /* TextFactory.swift in Sources */,
				570F9DC92BEE9EE200346C63 /* ViewModelConfigurable.swift in Sources */,
				570F9DE52BEEAB8900346C63 /* MainButtonViewModel.swift in Sources */,
				570F9DDE2BEEAABE00346C63 /* ViewWithText.swift in Sources */,
				570F9DD22BEEA56000346C63 /* MainViewFactory.swift in Sources */,
				570F9DEB2BEECA1800346C63 /* SizeCalculator.swift in Sources */,
				570F9DD02BEE9FD500346C63 /* MainViewPresenter.swift in Sources */,
			);
			runOnlyForDeploymentPostprocessing = 0;
		};
/* End PBXSourcesBuildPhase section */

/* Begin PBXVariantGroup section */
		570F9DB52BEE9AC300346C63 /* LaunchScreen.storyboard */ = {
			isa = PBXVariantGroup;
			children = (
				570F9DB62BEE9AC300346C63 /* Base */,
			);
			name = LaunchScreen.storyboard;
			sourceTree = "<group>";
		};
/* End PBXVariantGroup section */

/* Begin XCBuildConfiguration section */
		570F9DB92BEE9AC300346C63 /* Debug */ = {
			isa = XCBuildConfiguration;
			buildSettings = {
				ALWAYS_SEARCH_USER_PATHS = NO;
				ASSETCATALOG_COMPILER_GENERATE_SWIFT_ASSET_SYMBOL_EXTENSIONS = YES;
				CLANG_ANALYZER_NONNULL = YES;
				CLANG_ANALYZER_NUMBER_OBJECT_CONVERSION = YES_AGGRESSIVE;
				CLANG_CXX_LANGUAGE_STANDARD = "gnu++20";
				CLANG_ENABLE_MODULES = YES;
				CLANG_ENABLE_OBJC_ARC = YES;
				CLANG_ENABLE_OBJC_WEAK = YES;
				CLANG_WARN_BLOCK_CAPTURE_AUTORELEASING = YES;
				CLANG_WARN_BOOL_CONVERSION = YES;
				CLANG_WARN_COMMA = YES;
				CLANG_WARN_CONSTANT_CONVERSION = YES;
				CLANG_WARN_DEPRECATED_OBJC_IMPLEMENTATIONS = YES;
				CLANG_WARN_DIRECT_OBJC_ISA_USAGE = YES_ERROR;
				CLANG_WARN_DOCUMENTATION_COMMENTS = YES;
				CLANG_WARN_EMPTY_BODY = YES;
				CLANG_WARN_ENUM_CONVERSION = YES;
				CLANG_WARN_INFINITE_RECURSION = YES;
				CLANG_WARN_INT_CONVERSION = YES;
				CLANG_WARN_NON_LITERAL_NULL_CONVERSION = YES;
				CLANG_WARN_OBJC_IMPLICIT_RETAIN_SELF = YES;
				CLANG_WARN_OBJC_LITERAL_CONVERSION = YES;
				CLANG_WARN_OBJC_ROOT_CLASS = YES_ERROR;
				CLANG_WARN_QUOTED_INCLUDE_IN_FRAMEWORK_HEADER = YES;
				CLANG_WARN_RANGE_LOOP_ANALYSIS = YES;
				CLANG_WARN_STRICT_PROTOTYPES = YES;
				CLANG_WARN_SUSPICIOUS_MOVE = YES;
				CLANG_WARN_UNGUARDED_AVAILABILITY = YES_AGGRESSIVE;
				CLANG_WARN_UNREACHABLE_CODE = YES;
				CLANG_WARN__DUPLICATE_METHOD_MATCH = YES;
				COPY_PHASE_STRIP = NO;
				DEBUG_INFORMATION_FORMAT = dwarf;
				ENABLE_STRICT_OBJC_MSGSEND = YES;
				ENABLE_TESTABILITY = YES;
				ENABLE_USER_SCRIPT_SANDBOXING = YES;
				GCC_C_LANGUAGE_STANDARD = gnu17;
				GCC_DYNAMIC_NO_PIC = NO;
				GCC_NO_COMMON_BLOCKS = YES;
				GCC_OPTIMIZATION_LEVEL = 0;
				GCC_PREPROCESSOR_DEFINITIONS = (
					"DEBUG=1",
					"$(inherited)",
				);
				GCC_WARN_64_TO_32_BIT_CONVERSION = YES;
				GCC_WARN_ABOUT_RETURN_TYPE = YES_ERROR;
				GCC_WARN_UNDECLARED_SELECTOR = YES;
				GCC_WARN_UNINITIALIZED_AUTOS = YES_AGGRESSIVE;
				GCC_WARN_UNUSED_FUNCTION = YES;
				GCC_WARN_UNUSED_VARIABLE = YES;
				IPHONEOS_DEPLOYMENT_TARGET = 17.4;
				LOCALIZATION_PREFERS_STRING_CATALOGS = YES;
				MTL_ENABLE_DEBUG_INFO = INCLUDE_SOURCE;
				MTL_FAST_MATH = YES;
				ONLY_ACTIVE_ARCH = YES;
				SDKROOT = iphoneos;
				SWIFT_ACTIVE_COMPILATION_CONDITIONS = "DEBUG $(inherited)";
				SWIFT_OPTIMIZATION_LEVEL = "-Onone";
			};
			name = Debug;
		};
		570F9DBA2BEE9AC300346C63 /* Release */ = {
			isa = XCBuildConfiguration;
			buildSettings = {
				ALWAYS_SEARCH_USER_PATHS = NO;
				ASSETCATALOG_COMPILER_GENERATE_SWIFT_ASSET_SYMBOL_EXTENSIONS = YES;
				CLANG_ANALYZER_NONNULL = YES;
				CLANG_ANALYZER_NUMBER_OBJECT_CONVERSION = YES_AGGRESSIVE;
				CLANG_CXX_LANGUAGE_STANDARD = "gnu++20";
				CLANG_ENABLE_MODULES = YES;
				CLANG_ENABLE_OBJC_ARC = YES;
				CLANG_ENABLE_OBJC_WEAK = YES;
				CLANG_WARN_BLOCK_CAPTURE_AUTORELEASING = YES;
				CLANG_WARN_BOOL_CONVERSION = YES;
				CLANG_WARN_COMMA = YES;
				CLANG_WARN_CONSTANT_CONVERSION = YES;
				CLANG_WARN_DEPRECATED_OBJC_IMPLEMENTATIONS = YES;
				CLANG_WARN_DIRECT_OBJC_ISA_USAGE = YES_ERROR;
				CLANG_WARN_DOCUMENTATION_COMMENTS = YES;
				CLANG_WARN_EMPTY_BODY = YES;
				CLANG_WARN_ENUM_CONVERSION = YES;
				CLANG_WARN_INFINITE_RECURSION = YES;
				CLANG_WARN_INT_CONVERSION = YES;
				CLANG_WARN_NON_LITERAL_NULL_CONVERSION = YES;
				CLANG_WARN_OBJC_IMPLICIT_RETAIN_SELF = YES;
				CLANG_WARN_OBJC_LITERAL_CONVERSION = YES;
				CLANG_WARN_OBJC_ROOT_CLASS = YES_ERROR;
				CLANG_WARN_QUOTED_INCLUDE_IN_FRAMEWORK_HEADER = YES;
				CLANG_WARN_RANGE_LOOP_ANALYSIS = YES;
				CLANG_WARN_STRICT_PROTOTYPES = YES;
				CLANG_WARN_SUSPICIOUS_MOVE = YES;
				CLANG_WARN_UNGUARDED_AVAILABILITY = YES_AGGRESSIVE;
				CLANG_WARN_UNREACHABLE_CODE = YES;
				CLANG_WARN__DUPLICATE_METHOD_MATCH = YES;
				COPY_PHASE_STRIP = NO;
				DEBUG_INFORMATION_FORMAT = "dwarf-with-dsym";
				ENABLE_NS_ASSERTIONS = NO;
				ENABLE_STRICT_OBJC_MSGSEND = YES;
				ENABLE_USER_SCRIPT_SANDBOXING = YES;
				GCC_C_LANGUAGE_STANDARD = gnu17;
				GCC_NO_COMMON_BLOCKS = YES;
				GCC_WARN_64_TO_32_BIT_CONVERSION = YES;
				GCC_WARN_ABOUT_RETURN_TYPE = YES_ERROR;
				GCC_WARN_UNDECLARED_SELECTOR = YES;
				GCC_WARN_UNINITIALIZED_AUTOS = YES_AGGRESSIVE;
				GCC_WARN_UNUSED_FUNCTION = YES;
				GCC_WARN_UNUSED_VARIABLE = YES;
				IPHONEOS_DEPLOYMENT_TARGET = 17.4;
				LOCALIZATION_PREFERS_STRING_CATALOGS = YES;
				MTL_ENABLE_DEBUG_INFO = NO;
				MTL_FAST_MATH = YES;
				SDKROOT = iphoneos;
				SWIFT_COMPILATION_MODE = wholemodule;
				VALIDATE_PRODUCT = YES;
			};
			name = Release;
		};
		570F9DBC2BEE9AC300346C63 /* Debug */ = {
			isa = XCBuildConfiguration;
			buildSettings = {
				ASSETCATALOG_COMPILER_APPICON_NAME = AppIcon;
				ASSETCATALOG_COMPILER_GLOBAL_ACCENT_COLOR_NAME = AccentColor;
				CODE_SIGN_STYLE = Automatic;
				CURRENT_PROJECT_VERSION = 1;
				DEVELOPMENT_TEAM = 8RR26756PN;
				GENERATE_INFOPLIST_FILE = YES;
				INFOPLIST_FILE = PhotoEdditorApp/Resources/Info.plist;
				INFOPLIST_KEY_UIApplicationSupportsIndirectInputEvents = YES;
				INFOPLIST_KEY_UILaunchStoryboardName = LaunchScreen;
				INFOPLIST_KEY_UISupportedInterfaceOrientations = UIInterfaceOrientationPortrait;
				INFOPLIST_KEY_UISupportedInterfaceOrientations_iPad = "UIInterfaceOrientationLandscapeLeft UIInterfaceOrientationLandscapeRight UIInterfaceOrientationPortrait UIInterfaceOrientationPortraitUpsideDown";
				IPHONEOS_DEPLOYMENT_TARGET = 15.0;
				LD_RUNPATH_SEARCH_PATHS = (
					"$(inherited)",
					"@executable_path/Frameworks",
				);
				MARKETING_VERSION = 1.0;
				PRODUCT_BUNDLE_IDENTIFIER = com.IvanBiriukov.PhotoEdditorApp;
				PRODUCT_NAME = "$(TARGET_NAME)";
				SUPPORTED_PLATFORMS = "iphoneos iphonesimulator";
				SUPPORTS_MACCATALYST = NO;
				SUPPORTS_MAC_DESIGNED_FOR_IPHONE_IPAD = NO;
				SUPPORTS_XR_DESIGNED_FOR_IPHONE_IPAD = NO;
				SWIFT_EMIT_LOC_STRINGS = YES;
				SWIFT_VERSION = 5.0;
				TARGETED_DEVICE_FAMILY = 1;
			};
			name = Debug;
		};
		570F9DBD2BEE9AC300346C63 /* Release */ = {
			isa = XCBuildConfiguration;
			buildSettings = {
				ASSETCATALOG_COMPILER_APPICON_NAME = AppIcon;
				ASSETCATALOG_COMPILER_GLOBAL_ACCENT_COLOR_NAME = AccentColor;
				CODE_SIGN_STYLE = Automatic;
				CURRENT_PROJECT_VERSION = 1;
				DEVELOPMENT_TEAM = 8RR26756PN;
				GENERATE_INFOPLIST_FILE = YES;
				INFOPLIST_FILE = PhotoEdditorApp/Resources/Info.plist;
				INFOPLIST_KEY_UIApplicationSupportsIndirectInputEvents = YES;
				INFOPLIST_KEY_UILaunchStoryboardName = LaunchScreen;
				INFOPLIST_KEY_UISupportedInterfaceOrientations = UIInterfaceOrientationPortrait;
				INFOPLIST_KEY_UISupportedInterfaceOrientations_iPad = "UIInterfaceOrientationLandscapeLeft UIInterfaceOrientationLandscapeRight UIInterfaceOrientationPortrait UIInterfaceOrientationPortraitUpsideDown";
				IPHONEOS_DEPLOYMENT_TARGET = 15.0;
				LD_RUNPATH_SEARCH_PATHS = (
					"$(inherited)",
					"@executable_path/Frameworks",
				);
				MARKETING_VERSION = 1.0;
				PRODUCT_BUNDLE_IDENTIFIER = com.IvanBiriukov.PhotoEdditorApp;
				PRODUCT_NAME = "$(TARGET_NAME)";
				SUPPORTED_PLATFORMS = "iphoneos iphonesimulator";
				SUPPORTS_MACCATALYST = NO;
				SUPPORTS_MAC_DESIGNED_FOR_IPHONE_IPAD = NO;
				SUPPORTS_XR_DESIGNED_FOR_IPHONE_IPAD = NO;
				SWIFT_EMIT_LOC_STRINGS = YES;
				SWIFT_VERSION = 5.0;
				TARGETED_DEVICE_FAMILY = 1;
			};
			name = Release;
		};
/* End XCBuildConfiguration section */

/* Begin XCConfigurationList section */
		570F9DA22BEE9AC200346C63 /* Build configuration list for PBXProject "PhotoEdditorApp" */ = {
			isa = XCConfigurationList;
			buildConfigurations = (
				570F9DB92BEE9AC300346C63 /* Debug */,
				570F9DBA2BEE9AC300346C63 /* Release */,
			);
			defaultConfigurationIsVisible = 0;
			defaultConfigurationName = Release;
		};
		570F9DBB2BEE9AC300346C63 /* Build configuration list for PBXNativeTarget "PhotoEdditorApp" */ = {
			isa = XCConfigurationList;
			buildConfigurations = (
				570F9DBC2BEE9AC300346C63 /* Debug */,
				570F9DBD2BEE9AC300346C63 /* Release */,
			);
			defaultConfigurationIsVisible = 0;
			defaultConfigurationName = Release;
		};
/* End XCConfigurationList section */

/* Begin XCRemoteSwiftPackageReference section */
		570F9DD32BEEA68900346C63 /* XCRemoteSwiftPackageReference "SnapKit" */ = {
			isa = XCRemoteSwiftPackageReference;
			repositoryURL = "https://github.com/SnapKit/SnapKit.git";
			requirement = {
				kind = upToNextMajorVersion;
				minimumVersion = 5.7.1;
			};
		};
/* End XCRemoteSwiftPackageReference section */

/* Begin XCSwiftPackageProductDependency section */
		570F9DD42BEEA68900346C63 /* SnapKit */ = {
			isa = XCSwiftPackageProductDependency;
			package = 570F9DD32BEEA68900346C63 /* XCRemoteSwiftPackageReference "SnapKit" */;
			productName = SnapKit;
		};
/* End XCSwiftPackageProductDependency section */
	};
	rootObject = 570F9D9F2BEE9AC200346C63 /* Project object */;
}
